
Microsoft Visual Studio Solution File, Format Version 12.00
# Visual Studio 2012
Project("{FAE04EC0-301F-11D3-BF4B-00C04F79EFBC}") = "Library", "Library\Library.csproj", "{9E894696-FC57-4BBA-8E7E-073953A2248B}"
EndProject
Project("{FAE04EC0-301F-11D3-BF4B-00C04F79EFBC}") = "TestClient", "TestClient\TestClient.csproj", "{81917DC8-7D31-4317-BD6B-2C84BBC100BE}"
EndProject
Project("{FAE04EC0-301F-11D3-BF4B-00C04F79EFBC}") = "Tests", "Tests\Tests.csproj", "{7A4771F7-D17D-4773-9FDA-FBC19883F8F0}"
EndProject
Global
	GlobalSection(SolutionConfigurationPlatforms) = preSolution
		Debug|Any CPU = Debug|Any CPU
		Release|Any CPU = Release|Any CPU
	EndGlobalSection
	GlobalSection(ProjectConfigurationPlatforms) = postSolution
		{9E894696-FC57-4BBA-8E7E-073953A2248B}.Debug|Any CPU.ActiveCfg = Debug|Any CPU
		{9E894696-FC57-4BBA-8E7E-073953A2248B}.Debug|Any CPU.Build.0 = Debug|Any CPU
		{9E894696-FC57-4BBA-8E7E-073953A2248B}.Release|Any CPU.ActiveCfg = Release|Any CPU
		{9E894696-FC57-4BBA-8E7E-073953A2248B}.Release|Any CPU.Build.0 = Release|Any CPU
		{81917DC8-7D31-4317-BD6B-2C84BBC100BE}.Debug|Any CPU.ActiveCfg = Debug|Any CPU
		{81917DC8-7D31-4317-BD6B-2C84BBC100BE}.Debug|Any CPU.Build.0 = Debug|Any CPU
		{81917DC8-7D31-4317-BD6B-2C84BBC100BE}.Release|Any CPU.ActiveCfg = Release|Any CPU
		{81917DC8-7D31-4317-BD6B-2C84BBC100BE}.Release|Any CPU.Build.0 = Release|Any CPU
		{7A4771F7-D17D-4773-9FDA-FBC19883F8F0}.Debug|Any CPU.ActiveCfg = Debug|Any CPU
		{7A4771F7-D17D-4773-9FDA-FBC19883F8F0}.Debug|Any CPU.Build.0 = Debug|Any CPU
		{7A4771F7-D17D-4773-9FDA-FBC19883F8F0}.Release|Any CPU.ActiveCfg = Release|Any CPU
		{7A4771F7-D17D-4773-9FDA-FBC19883F8F0}.Release|Any CPU.Build.0 = Release|Any CPU
	EndGlobalSection
	GlobalSection(SolutionProperties) = preSolution
		HideSolutionNode = FALSE
	EndGlobalSection
EndGlobal
